
Microsoft Visual Studio Solution File, Format Version 12.00
Project("{FAE04EC0-301F-11D3-BF4B-00C04F79EFBC}") = "ipk-sniffer", "ipk-sniffer\ipk-sniffer.csproj", "{7BF934AA-7226-4B7D-A312-927C761E4DFF}"
EndProject
Global
	GlobalSection(SolutionConfigurationPlatforms) = preSolution
		Debug|Any CPU = Debug|Any CPU
		Release|Any CPU = Release|Any CPU
	EndGlobalSection
	GlobalSection(ProjectConfigurationPlatforms) = postSolution
		{7BF934AA-7226-4B7D-A312-927C761E4DFF}.Debug|Any CPU.ActiveCfg = Debug|Any CPU
		{7BF934AA-7226-4B7D-A312-927C761E4DFF}.Debug|Any CPU.Build.0 = Debug|Any CPU
		{7BF934AA-7226-4B7D-A312-927C761E4DFF}.Release|Any CPU.ActiveCfg = Release|Any CPU
		{7BF934AA-7226-4B7D-A312-927C761E4DFF}.Release|Any CPU.Build.0 = Release|Any CPU
	EndGlobalSection
EndGlobal
